
Microsoft Visual Studio Solution File, Format Version 12.00
# Visual Studio Version 17
VisualStudioVersion = 17.10.35013.160
MinimumVisualStudioVersion = 10.0.40219.1
Project("{9A19103F-16F7-4668-BE54-9A1E7A4F7556}") = "UserManagerService", "UserManagerService\UserManagerService.csproj", "{84ED5E39-A534-4C20-B4E9-1AA6684951B0}"
EndProject
Project("{9A19103F-16F7-4668-BE54-9A1E7A4F7556}") = "FeedManagerService", "FeedManagerService\FeedManagerService.csproj", "{2187C545-3E2D-4354-BB86-068F05AAEF60}"
EndProject
Project("{9A19103F-16F7-4668-BE54-9A1E7A4F7556}") = "ConferenceManagerService", "ConferenceManagerService\ConferenceManagerService.csproj", "{09C7F18B-7AAF-463D-BCCC-DD54490A58B7}"
EndProject
Project("{9A19103F-16F7-4668-BE54-9A1E7A4F7556}") = "PaymentManagerService", "PaymentManagerService\PaymentManagerService.csproj", "{6E4E8D5F-2A4A-4DCD-AFD9-E77398827B4F}"
EndProject
Project("{2150E333-8FDC-42A3-9474-1A3956D46DE8}") = "Services", "Services", "{25394BE3-CA13-4C8F-B010-7C3B3FB704E1}"
EndProject
Project("{2150E333-8FDC-42A3-9474-1A3956D46DE8}") = "ApiGateway", "ApiGateway", "{72DFFC59-C0FE-4FFB-8672-46EFCE2C1952}"
EndProject
Project("{9A19103F-16F7-4668-BE54-9A1E7A4F7556}") = "ApigatewayWithOcelot", "ApigatewayWithOcelot\ApigatewayWithOcelot.csproj", "{291398F3-A46B-4040-B16A-84BA27A18ED6}"
EndProject
Project("{9A19103F-16F7-4668-BE54-9A1E7A4F7556}") = "ApigatewayWithYarp", "ApigatewayWithYarp\ApigatewayWithYarp.csproj", "{D099BBAF-2698-48EC-BCCC-52DEA68F608C}"
EndProject
Project("{E53339B2-1760-4266-BCC7-CA923CBCF16C}") = "docker-compose", "docker-compose.dcproj", "{7F2523A6-3FCB-49D8-80BF-F39D31581EFD}"
EndProject
Project("{2150E333-8FDC-42A3-9474-1A3956D46DE8}") = "Orchestation", "Orchestation", "{2C2EB3CB-6074-468D-91CB-C83B0391BA1F}"
EndProject
Project("{2150E333-8FDC-42A3-9474-1A3956D46DE8}") = "LoadBalancer", "LoadBalancer", "{E3088FA2-7CBC-4812-9F13-B81FB44BFD78}"
	ProjectSection(SolutionItems) = preProject
		LoadBalancer\Dockerfile = LoadBalancer\Dockerfile
		LoadBalancer\Dockerfile.original = LoadBalancer\Dockerfile.original
		LoadBalancer\nginx.conf = LoadBalancer\nginx.conf
		LoadBalancer\proxy.conf = LoadBalancer\proxy.conf
	EndProjectSection
EndProject
Project("{2150E333-8FDC-42A3-9474-1A3956D46DE8}") = "Testing", "Testing", "{F49D1401-3E84-4A80-9BCE-0A62AAFE7AF5}"
EndProject
Project("{FAE04EC0-301F-11D3-BF4B-00C04F79EFBC}") = "UserManagerService.Tests", "UserManagerService.Test\UserManagerService.Tests.csproj", "{93F64B9A-1CF6-47AB-B4ED-B676D8A9A01C}"
EndProject
Project("{FAE04EC0-301F-11D3-BF4B-00C04F79EFBC}") = "PaymentManagerService.Tests", "PaymentManagerService.Tests\PaymentManagerService.Tests.csproj", "{2DD8571F-53D8-41F0-84CA-2602537F88CF}"
EndProject
Project("{FAE04EC0-301F-11D3-BF4B-00C04F79EFBC}") = "ConferenceManagerService.Tests", "ConferenceManagerService.Tests\ConferenceManagerService.Tests.csproj", "{23E0F27B-CDF1-45DD-B0D0-8BE7307BF1A1}"
EndProject
Project("{FAE04EC0-301F-11D3-BF4B-00C04F79EFBC}") = "FeaturesHashDev", "Features\FeaturesHashDev.csproj", "{FEF5096B-8905-4026-BC94-7D2DCB4AFE02}"
EndProject
Project("{2150E333-8FDC-42A3-9474-1A3956D46DE8}") = "Features", "Features", "{5A1E5EFC-97E4-4DBC-8D9E-3E45D1653A13}"
EndProject
Global
	GlobalSection(SolutionConfigurationPlatforms) = preSolution
		Debug|Any CPU = Debug|Any CPU
		Release|Any CPU = Release|Any CPU
	EndGlobalSection
	GlobalSection(ProjectConfigurationPlatforms) = postSolution
		{84ED5E39-A534-4C20-B4E9-1AA6684951B0}.Debug|Any CPU.ActiveCfg = Debug|Any CPU
		{84ED5E39-A534-4C20-B4E9-1AA6684951B0}.Debug|Any CPU.Build.0 = Debug|Any CPU
		{84ED5E39-A534-4C20-B4E9-1AA6684951B0}.Release|Any CPU.ActiveCfg = Release|Any CPU
		{84ED5E39-A534-4C20-B4E9-1AA6684951B0}.Release|Any CPU.Build.0 = Release|Any CPU
		{2187C545-3E2D-4354-BB86-068F05AAEF60}.Debug|Any CPU.ActiveCfg = Debug|Any CPU
		{2187C545-3E2D-4354-BB86-068F05AAEF60}.Debug|Any CPU.Build.0 = Debug|Any CPU
		{2187C545-3E2D-4354-BB86-068F05AAEF60}.Release|Any CPU.ActiveCfg = Release|Any CPU
		{2187C545-3E2D-4354-BB86-068F05AAEF60}.Release|Any CPU.Build.0 = Release|Any CPU
		{09C7F18B-7AAF-463D-BCCC-DD54490A58B7}.Debug|Any CPU.ActiveCfg = Debug|Any CPU
		{09C7F18B-7AAF-463D-BCCC-DD54490A58B7}.Debug|Any CPU.Build.0 = Debug|Any CPU
		{09C7F18B-7AAF-463D-BCCC-DD54490A58B7}.Release|Any CPU.ActiveCfg = Release|Any CPU
		{09C7F18B-7AAF-463D-BCCC-DD54490A58B7}.Release|Any CPU.Build.0 = Release|Any CPU
		{6E4E8D5F-2A4A-4DCD-AFD9-E77398827B4F}.Debug|Any CPU.ActiveCfg = Debug|Any CPU
		{6E4E8D5F-2A4A-4DCD-AFD9-E77398827B4F}.Debug|Any CPU.Build.0 = Debug|Any CPU
		{6E4E8D5F-2A4A-4DCD-AFD9-E77398827B4F}.Release|Any CPU.ActiveCfg = Release|Any CPU
		{6E4E8D5F-2A4A-4DCD-AFD9-E77398827B4F}.Release|Any CPU.Build.0 = Release|Any CPU
		{291398F3-A46B-4040-B16A-84BA27A18ED6}.Debug|Any CPU.ActiveCfg = Debug|Any CPU
		{291398F3-A46B-4040-B16A-84BA27A18ED6}.Debug|Any CPU.Build.0 = Debug|Any CPU
		{291398F3-A46B-4040-B16A-84BA27A18ED6}.Release|Any CPU.ActiveCfg = Release|Any CPU
		{291398F3-A46B-4040-B16A-84BA27A18ED6}.Release|Any CPU.Build.0 = Release|Any CPU
		{D099BBAF-2698-48EC-BCCC-52DEA68F608C}.Debug|Any CPU.ActiveCfg = Debug|Any CPU
		{D099BBAF-2698-48EC-BCCC-52DEA68F608C}.Debug|Any CPU.Build.0 = Debug|Any CPU
		{D099BBAF-2698-48EC-BCCC-52DEA68F608C}.Release|Any CPU.ActiveCfg = Release|Any CPU
		{D099BBAF-2698-48EC-BCCC-52DEA68F608C}.Release|Any CPU.Build.0 = Release|Any CPU
		{7F2523A6-3FCB-49D8-80BF-F39D31581EFD}.Debug|Any CPU.ActiveCfg = Debug|Any CPU
		{7F2523A6-3FCB-49D8-80BF-F39D31581EFD}.Debug|Any CPU.Build.0 = Debug|Any CPU
		{7F2523A6-3FCB-49D8-80BF-F39D31581EFD}.Release|Any CPU.ActiveCfg = Release|Any CPU
		{7F2523A6-3FCB-49D8-80BF-F39D31581EFD}.Release|Any CPU.Build.0 = Release|Any CPU
		{93F64B9A-1CF6-47AB-B4ED-B676D8A9A01C}.Debug|Any CPU.ActiveCfg = Debug|Any CPU
		{93F64B9A-1CF6-47AB-B4ED-B676D8A9A01C}.Debug|Any CPU.Build.0 = Debug|Any CPU
		{93F64B9A-1CF6-47AB-B4ED-B676D8A9A01C}.Release|Any CPU.ActiveCfg = Release|Any CPU
		{93F64B9A-1CF6-47AB-B4ED-B676D8A9A01C}.Release|Any CPU.Build.0 = Release|Any CPU
		{2DD8571F-53D8-41F0-84CA-2602537F88CF}.Debug|Any CPU.ActiveCfg = Debug|Any CPU
		{2DD8571F-53D8-41F0-84CA-2602537F88CF}.Debug|Any CPU.Build.0 = Debug|Any CPU
		{2DD8571F-53D8-41F0-84CA-2602537F88CF}.Release|Any CPU.ActiveCfg = Release|Any CPU
		{2DD8571F-53D8-41F0-84CA-2602537F88CF}.Release|Any CPU.Build.0 = Release|Any CPU
		{23E0F27B-CDF1-45DD-B0D0-8BE7307BF1A1}.Debug|Any CPU.ActiveCfg = Debug|Any CPU
		{23E0F27B-CDF1-45DD-B0D0-8BE7307BF1A1}.Debug|Any CPU.Build.0 = Debug|Any CPU
		{23E0F27B-CDF1-45DD-B0D0-8BE7307BF1A1}.Release|Any CPU.ActiveCfg = Release|Any CPU
		{23E0F27B-CDF1-45DD-B0D0-8BE7307BF1A1}.Release|Any CPU.Build.0 = Release|Any CPU
		{FEF5096B-8905-4026-BC94-7D2DCB4AFE02}.Debug|Any CPU.ActiveCfg = Debug|Any CPU
		{FEF5096B-8905-4026-BC94-7D2DCB4AFE02}.Debug|Any CPU.Build.0 = Debug|Any CPU
		{FEF5096B-8905-4026-BC94-7D2DCB4AFE02}.Release|Any CPU.ActiveCfg = Release|Any CPU
		{FEF5096B-8905-4026-BC94-7D2DCB4AFE02}.Release|Any CPU.Build.0 = Release|Any CPU
	EndGlobalSection
	GlobalSection(SolutionProperties) = preSolution
		HideSolutionNode = FALSE
	EndGlobalSection
	GlobalSection(NestedProjects) = preSolution
		{84ED5E39-A534-4C20-B4E9-1AA6684951B0} = {25394BE3-CA13-4C8F-B010-7C3B3FB704E1}
		{2187C545-3E2D-4354-BB86-068F05AAEF60} = {25394BE3-CA13-4C8F-B010-7C3B3FB704E1}
		{09C7F18B-7AAF-463D-BCCC-DD54490A58B7} = {25394BE3-CA13-4C8F-B010-7C3B3FB704E1}
		{6E4E8D5F-2A4A-4DCD-AFD9-E77398827B4F} = {25394BE3-CA13-4C8F-B010-7C3B3FB704E1}
		{291398F3-A46B-4040-B16A-84BA27A18ED6} = {72DFFC59-C0FE-4FFB-8672-46EFCE2C1952}
		{D099BBAF-2698-48EC-BCCC-52DEA68F608C} = {72DFFC59-C0FE-4FFB-8672-46EFCE2C1952}
		{7F2523A6-3FCB-49D8-80BF-F39D31581EFD} = {2C2EB3CB-6074-468D-91CB-C83B0391BA1F}
		{93F64B9A-1CF6-47AB-B4ED-B676D8A9A01C} = {F49D1401-3E84-4A80-9BCE-0A62AAFE7AF5}
		{2DD8571F-53D8-41F0-84CA-2602537F88CF} = {F49D1401-3E84-4A80-9BCE-0A62AAFE7AF5}
		{23E0F27B-CDF1-45DD-B0D0-8BE7307BF1A1} = {F49D1401-3E84-4A80-9BCE-0A62AAFE7AF5}
		{FEF5096B-8905-4026-BC94-7D2DCB4AFE02} = {5A1E5EFC-97E4-4DBC-8D9E-3E45D1653A13}
		{5A1E5EFC-97E4-4DBC-8D9E-3E45D1653A13} = {F49D1401-3E84-4A80-9BCE-0A62AAFE7AF5}
	EndGlobalSection
	GlobalSection(ExtensibilityGlobals) = postSolution
		SolutionGuid = {7AEBC541-BF59-47F8-A528-713B87B5EE9A}
	EndGlobalSection
EndGlobal
